
Microsoft Visual Studio Solution File, Format Version 12.00
# Visual Studio Version 17
VisualStudioVersion = 17.6.33829.357
MinimumVisualStudioVersion = 10.0.40219.1
Project("{9A19103F-16F7-4668-BE54-9A1E7A4F7556}") = "OddMonthsIK", "OddMonthsIK.csproj", "{ED185082-3275-445F-B1C5-014847FFCC73}"
EndProject
Global
	GlobalSection(SolutionConfigurationPlatforms) = preSolution
		Debug|Any CPU = Debug|Any CPU
		Release|Any CPU = Release|Any CPU
	EndGlobalSection
	GlobalSection(ProjectConfigurationPlatforms) = postSolution
		{ED185082-3275-445F-B1C5-014847FFCC73}.Debug|Any CPU.ActiveCfg = Debug|Any CPU
		{ED185082-3275-445F-B1C5-014847FFCC73}.Debug|Any CPU.Build.0 = Debug|Any CPU
		{ED185082-3275-445F-B1C5-014847FFCC73}.Release|Any CPU.ActiveCfg = Release|Any CPU
		{ED185082-3275-445F-B1C5-014847FFCC73}.Release|Any CPU.Build.0 = Release|Any CPU
	EndGlobalSection
	GlobalSection(SolutionProperties) = preSolution
		HideSolutionNode = FALSE
	EndGlobalSection
	GlobalSection(ExtensibilityGlobals) = postSolution
		SolutionGuid = {72D66B0D-BCE5-411F-B4E9-377F09B1E30B}
	EndGlobalSection
EndGlobal
